
Microsoft Visual Studio Solution File, Format Version 12.00
# Visual Studio 14
VisualStudioVersion = 14.0.24720.0
MinimumVisualStudioVersion = 10.0.40219.1
Project("{FAE04EC0-301F-11D3-BF4B-00C04F79EFBC}") = "BL", "BL\BL.csproj", "{93871550-E9CA-408A-85B7-12592645C53B}"
EndProject
Project("{FAE04EC0-301F-11D3-BF4B-00C04F79EFBC}") = "DAO", "DAO\DAO.csproj", "{0689DA63-BE1A-4CBB-873E-978BF74968D8}"
EndProject
Project("{FAE04EC0-301F-11D3-BF4B-00C04F79EFBC}") = "TAO", "TAO\TAO.csproj", "{69578D6C-9F40-4613-9A8A-617364580465}"
EndProject
Project("{FAE04EC0-301F-11D3-BF4B-00C04F79EFBC}") = "GUI", "GUI\GUI.csproj", "{CC1576FC-A45B-4FB5-807C-EB145C1890F3}"
EndProject
Global
	GlobalSection(SolutionConfigurationPlatforms) = preSolution
		Debug|Any CPU = Debug|Any CPU
		Release|Any CPU = Release|Any CPU
	EndGlobalSection
	GlobalSection(ProjectConfigurationPlatforms) = postSolution
		{93871550-E9CA-408A-85B7-12592645C53B}.Debug|Any CPU.ActiveCfg = Debug|Any CPU
		{93871550-E9CA-408A-85B7-12592645C53B}.Debug|Any CPU.Build.0 = Debug|Any CPU
		{93871550-E9CA-408A-85B7-12592645C53B}.Release|Any CPU.ActiveCfg = Release|Any CPU
		{93871550-E9CA-408A-85B7-12592645C53B}.Release|Any CPU.Build.0 = Release|Any CPU
		{0689DA63-BE1A-4CBB-873E-978BF74968D8}.Debug|Any CPU.ActiveCfg = Debug|Any CPU
		{0689DA63-BE1A-4CBB-873E-978BF74968D8}.Debug|Any CPU.Build.0 = Debug|Any CPU
		{0689DA63-BE1A-4CBB-873E-978BF74968D8}.Release|Any CPU.ActiveCfg = Release|Any CPU
		{0689DA63-BE1A-4CBB-873E-978BF74968D8}.Release|Any CPU.Build.0 = Release|Any CPU
		{69578D6C-9F40-4613-9A8A-617364580465}.Debug|Any CPU.ActiveCfg = Debug|Any CPU
		{69578D6C-9F40-4613-9A8A-617364580465}.Debug|Any CPU.Build.0 = Debug|Any CPU
		{69578D6C-9F40-4613-9A8A-617364580465}.Release|Any CPU.ActiveCfg = Release|Any CPU
		{69578D6C-9F40-4613-9A8A-617364580465}.Release|Any CPU.Build.0 = Release|Any CPU
		{CC1576FC-A45B-4FB5-807C-EB145C1890F3}.Debug|Any CPU.ActiveCfg = Debug|Any CPU
		{CC1576FC-A45B-4FB5-807C-EB145C1890F3}.Debug|Any CPU.Build.0 = Debug|Any CPU
		{CC1576FC-A45B-4FB5-807C-EB145C1890F3}.Release|Any CPU.ActiveCfg = Release|Any CPU
		{CC1576FC-A45B-4FB5-807C-EB145C1890F3}.Release|Any CPU.Build.0 = Release|Any CPU
	EndGlobalSection
	GlobalSection(SolutionProperties) = preSolution
		HideSolutionNode = FALSE
	EndGlobalSection
EndGlobal
